
Microsoft Visual Studio Solution File, Format Version 12.00
# Visual Studio Version 17
VisualStudioVersion = 17.11.35222.181
MinimumVisualStudioVersion = 10.0.40219.1
Project("{9A19103F-16F7-4668-BE54-9A1E7A4F7556}") = "HINAS", "HINAS\HINAS.csproj", "{E39F201F-0551-41AB-A031-D2A937E36CBE}"
EndProject
Project("{FAE04EC0-301F-11D3-BF4B-00C04F79EFBC}") = "HINAS.Tests", "HINAS.Tests\HINAS.Tests.csproj", "{8A48C751-300F-4377-9FA7-9D726A58E203}"
EndProject
Global
	GlobalSection(SolutionConfigurationPlatforms) = preSolution
		Debug|Any CPU = Debug|Any CPU
		Release|Any CPU = Release|Any CPU
	EndGlobalSection
	GlobalSection(ProjectConfigurationPlatforms) = postSolution
		{E39F201F-0551-41AB-A031-D2A937E36CBE}.Debug|Any CPU.ActiveCfg = Debug|Any CPU
		{E39F201F-0551-41AB-A031-D2A937E36CBE}.Debug|Any CPU.Build.0 = Debug|Any CPU
		{E39F201F-0551-41AB-A031-D2A937E36CBE}.Release|Any CPU.ActiveCfg = Release|Any CPU
		{E39F201F-0551-41AB-A031-D2A937E36CBE}.Release|Any CPU.Build.0 = Release|Any CPU
		{8A48C751-300F-4377-9FA7-9D726A58E203}.Debug|Any CPU.ActiveCfg = Debug|Any CPU
		{8A48C751-300F-4377-9FA7-9D726A58E203}.Debug|Any CPU.Build.0 = Debug|Any CPU
		{8A48C751-300F-4377-9FA7-9D726A58E203}.Release|Any CPU.ActiveCfg = Release|Any CPU
		{8A48C751-300F-4377-9FA7-9D726A58E203}.Release|Any CPU.Build.0 = Release|Any CPU
	EndGlobalSection
	GlobalSection(SolutionProperties) = preSolution
		HideSolutionNode = FALSE
	EndGlobalSection
	GlobalSection(ExtensibilityGlobals) = postSolution
		SolutionGuid = {F156C184-1A84-4A25-A3CF-F431C30E1F25}
	EndGlobalSection
EndGlobal
